
Microsoft Visual Studio Solution File, Format Version 12.00
# Visual Studio 2012
Project("{FAE04EC0-301F-11D3-BF4B-00C04F79EFBC}") = "CouchDBMembershipProvider", "CouchDBMembershipProvider\CouchDBMembershipProvider.csproj", "{EB126AED-B75C-416D-BA83-8A6EFD1FC687}"
EndProject
Project("{FAE04EC0-301F-11D3-BF4B-00C04F79EFBC}") = "CouchDBMembershipProvider.Tests", "CouchDBMembershipProvider.Tests\CouchDBMembershipProvider.Tests.csproj", "{9E293183-3DF9-43D8-8B52-BBC2806DA812}"
EndProject
Global
	GlobalSection(SolutionConfigurationPlatforms) = preSolution
		Debug|Any CPU = Debug|Any CPU
		Release|Any CPU = Release|Any CPU
	EndGlobalSection
	GlobalSection(ProjectConfigurationPlatforms) = postSolution
		{EB126AED-B75C-416D-BA83-8A6EFD1FC687}.Debug|Any CPU.ActiveCfg = Debug|Any CPU
		{EB126AED-B75C-416D-BA83-8A6EFD1FC687}.Debug|Any CPU.Build.0 = Debug|Any CPU
		{EB126AED-B75C-416D-BA83-8A6EFD1FC687}.Release|Any CPU.ActiveCfg = Release|Any CPU
		{EB126AED-B75C-416D-BA83-8A6EFD1FC687}.Release|Any CPU.Build.0 = Release|Any CPU
		{9E293183-3DF9-43D8-8B52-BBC2806DA812}.Debug|Any CPU.ActiveCfg = Debug|Any CPU
		{9E293183-3DF9-43D8-8B52-BBC2806DA812}.Debug|Any CPU.Build.0 = Debug|Any CPU
		{9E293183-3DF9-43D8-8B52-BBC2806DA812}.Release|Any CPU.ActiveCfg = Release|Any CPU
		{9E293183-3DF9-43D8-8B52-BBC2806DA812}.Release|Any CPU.Build.0 = Release|Any CPU
	EndGlobalSection
	GlobalSection(SolutionProperties) = preSolution
		HideSolutionNode = FALSE
	EndGlobalSection
EndGlobal
